{
  "nodes": {
    "basilisk-nixpkgs": {
      "flake": false,
      "locked": {
        "lastModified": 1782605267,
        "narHash": "sha256-EZs+opqj4Ua+P7Cie22AAFFXA5NvF06A5CI2Ayt0ZlM=",
        "owner": "gitit-testing-organization-123",
        "repo": "nixpkgs",
        "rev": "a34b11b6eb0c7d60baef320e8d7b70b20d22c5dc",
        "type": "github"
      },
      "original": {
        "owner": "gitit-testing-organization-123",
        "repo": "nixpkgs",
        "type": "github"
      }
    },
    "nixpkgs": {
      "locked": {
        "lastModified": 1782467914,
        "narHash": "sha256-pGvFkM8N0xEkIIXDe5YYfbEAvHrk4IxBrjB/x8OomhE=",
        "owner": "NixOS",
        "repo": "nixpkgs",
        "rev": "e73de5be04e0eff4190a1432b946d469c794e7b4",
        "type": "github"
      },
      "original": {
        "owner": "NixOS",
        "ref": "nixos-unstable",
        "repo": "nixpkgs",
        "type": "github"
      }
    },
    "root": {
      "inputs": {
        "basilisk-nixpkgs": "basilisk-nixpkgs",
        "nixpkgs": "nixpkgs"
      }
    }
  },
  "root": "root",
  "version": 7
}
